
Microsoft Visual Studio Solution File, Format Version 12.00
# Visual Studio Version 16
VisualStudioVersion = 16.0.808.0
MinimumVisualStudioVersion = 10.0.40219.1
Project("{FAE04EC0-301F-11D3-BF4B-00C04F79EFBC}") = "LINQExamples_2", "LINQExamples_2\LINQExamples_2.csproj", "{55E518C4-B7A4-42AC-B88C-FB07A7F64FC1}"
EndProject
Global
	GlobalSection(SolutionConfigurationPlatforms) = preSolution
		Debug|Any CPU = Debug|Any CPU
		Release|Any CPU = Release|Any CPU
	EndGlobalSection
	GlobalSection(ProjectConfigurationPlatforms) = postSolution
		{55E518C4-B7A4-42AC-B88C-FB07A7F64FC1}.Debug|Any CPU.ActiveCfg = Debug|Any CPU
		{55E518C4-B7A4-42AC-B88C-FB07A7F64FC1}.Debug|Any CPU.Build.0 = Debug|Any CPU
		{55E518C4-B7A4-42AC-B88C-FB07A7F64FC1}.Release|Any CPU.ActiveCfg = Release|Any CPU
		{55E518C4-B7A4-42AC-B88C-FB07A7F64FC1}.Release|Any CPU.Build.0 = Release|Any CPU
	EndGlobalSection
	GlobalSection(SolutionProperties) = preSolution
		HideSolutionNode = FALSE
	EndGlobalSection
	GlobalSection(ExtensibilityGlobals) = postSolution
		SolutionGuid = {CEE24563-FE17-4001-BAF0-5A6ECC7A73D3}
	EndGlobalSection
EndGlobal
